
Microsoft Visual Studio Solution File, Format Version 12.00
# Visual Studio Version 17
VisualStudioVersion = 17.12.35527.113
MinimumVisualStudioVersion = 10.0.40219.1
Project("{2150E333-8FDC-42A3-9474-1A3956D46DE8}") = "Solution Items", "Solution Items", "{E1E062B2-1CFE-4356-8F09-8318E2CD2F3F}"
	ProjectSection(SolutionItems) = preProject
		.editorconfig = .editorconfig
	EndProjectSection
EndProject
Project("{FAE04EC0-301F-11D3-BF4B-00C04F79EFBC}") = "NDiscoKit.Testing", "NDiscoKit.Testing\NDiscoKit.Testing.csproj", "{BFBEEA13-14A5-404A-A26D-440C7D0F91CB}"
EndProject
Project("{FAE04EC0-301F-11D3-BF4B-00C04F79EFBC}") = "NDiscoKit.Audio", "NDiscoKit.Audio\NDiscoKit.Audio.csproj", "{E8E00283-0FCA-42B6-BB1E-0CBE89150250}"
EndProject
Project("{FAE04EC0-301F-11D3-BF4B-00C04F79EFBC}") = "NDiscoKit.Python", "NDiscoKit.Python\NDiscoKit.Python.csproj", "{143D15DA-35BF-42F6-96D2-0CC6A5B8A7EF}"
EndProject
Project("{FAE04EC0-301F-11D3-BF4B-00C04F79EFBC}") = "NDiscoKit.Windows", "NDiscoKit.Windows\NDiscoKit.Windows.csproj", "{E4394E29-814E-7337-BC38-62DE0C2BA821}"
EndProject
Project("{FAE04EC0-301F-11D3-BF4B-00C04F79EFBC}") = "NDiscoKit", "NDiscoKit\NDiscoKit.csproj", "{6266E3E5-7D91-4C3D-80BB-B500A4211261}"
EndProject
Project("{FAE04EC0-301F-11D3-BF4B-00C04F79EFBC}") = "NDiscoKit.PhilipsHue", "NDiscoKit.PhilipsHue\NDiscoKit.PhilipsHue.csproj", "{369C15D8-02C2-4212-9B5E-6A4CB8739B88}"
EndProject
Project("{FAE04EC0-301F-11D3-BF4B-00C04F79EFBC}") = "NDiscoKit.Lights", "NDiscoKit.Lights\NDiscoKit.Lights.csproj", "{C49C6551-F820-438E-970C-D3E1F339DC70}"
EndProject
Global
	GlobalSection(SolutionConfigurationPlatforms) = preSolution
		Debug|Any CPU = Debug|Any CPU
		Release|Any CPU = Release|Any CPU
	EndGlobalSection
	GlobalSection(ProjectConfigurationPlatforms) = postSolution
		{BFBEEA13-14A5-404A-A26D-440C7D0F91CB}.Debug|Any CPU.ActiveCfg = Debug|Any CPU
		{BFBEEA13-14A5-404A-A26D-440C7D0F91CB}.Debug|Any CPU.Build.0 = Debug|Any CPU
		{BFBEEA13-14A5-404A-A26D-440C7D0F91CB}.Release|Any CPU.ActiveCfg = Release|Any CPU
		{BFBEEA13-14A5-404A-A26D-440C7D0F91CB}.Release|Any CPU.Build.0 = Release|Any CPU
		{E8E00283-0FCA-42B6-BB1E-0CBE89150250}.Debug|Any CPU.ActiveCfg = Debug|Any CPU
		{E8E00283-0FCA-42B6-BB1E-0CBE89150250}.Debug|Any CPU.Build.0 = Debug|Any CPU
		{E8E00283-0FCA-42B6-BB1E-0CBE89150250}.Release|Any CPU.ActiveCfg = Release|Any CPU
		{E8E00283-0FCA-42B6-BB1E-0CBE89150250}.Release|Any CPU.Build.0 = Release|Any CPU
		{143D15DA-35BF-42F6-96D2-0CC6A5B8A7EF}.Debug|Any CPU.ActiveCfg = Debug|Any CPU
		{143D15DA-35BF-42F6-96D2-0CC6A5B8A7EF}.Debug|Any CPU.Build.0 = Debug|Any CPU
		{143D15DA-35BF-42F6-96D2-0CC6A5B8A7EF}.Release|Any CPU.ActiveCfg = Release|Any CPU
		{143D15DA-35BF-42F6-96D2-0CC6A5B8A7EF}.Release|Any CPU.Build.0 = Release|Any CPU
		{E4394E29-814E-7337-BC38-62DE0C2BA821}.Debug|Any CPU.ActiveCfg = Debug|Any CPU
		{E4394E29-814E-7337-BC38-62DE0C2BA821}.Debug|Any CPU.Build.0 = Debug|Any CPU
		{E4394E29-814E-7337-BC38-62DE0C2BA821}.Release|Any CPU.ActiveCfg = Release|Any CPU
		{E4394E29-814E-7337-BC38-62DE0C2BA821}.Release|Any CPU.Build.0 = Release|Any CPU
		{6266E3E5-7D91-4C3D-80BB-B500A4211261}.Debug|Any CPU.ActiveCfg = Debug|Any CPU
		{6266E3E5-7D91-4C3D-80BB-B500A4211261}.Debug|Any CPU.Build.0 = Debug|Any CPU
		{6266E3E5-7D91-4C3D-80BB-B500A4211261}.Release|Any CPU.ActiveCfg = Release|Any CPU
		{6266E3E5-7D91-4C3D-80BB-B500A4211261}.Release|Any CPU.Build.0 = Release|Any CPU
		{369C15D8-02C2-4212-9B5E-6A4CB8739B88}.Debug|Any CPU.ActiveCfg = Debug|Any CPU
		{369C15D8-02C2-4212-9B5E-6A4CB8739B88}.Debug|Any CPU.Build.0 = Debug|Any CPU
		{369C15D8-02C2-4212-9B5E-6A4CB8739B88}.Release|Any CPU.ActiveCfg = Release|Any CPU
		{369C15D8-02C2-4212-9B5E-6A4CB8739B88}.Release|Any CPU.Build.0 = Release|Any CPU
		{C49C6551-F820-438E-970C-D3E1F339DC70}.Debug|Any CPU.ActiveCfg = Debug|Any CPU
		{C49C6551-F820-438E-970C-D3E1F339DC70}.Debug|Any CPU.Build.0 = Debug|Any CPU
		{C49C6551-F820-438E-970C-D3E1F339DC70}.Release|Any CPU.ActiveCfg = Release|Any CPU
		{C49C6551-F820-438E-970C-D3E1F339DC70}.Release|Any CPU.Build.0 = Release|Any CPU
	EndGlobalSection
	GlobalSection(SolutionProperties) = preSolution
		HideSolutionNode = FALSE
	EndGlobalSection
	GlobalSection(ExtensibilityGlobals) = postSolution
		SolutionGuid = {8B2F0225-29E0-4CF1-A535-DE56F8509E46}
	EndGlobalSection
EndGlobal
